
Microsoft Visual Studio Solution File, Format Version 12.00
# Visual Studio Version 17
VisualStudioVersion = 17.7.34221.43
MinimumVisualStudioVersion = 10.0.40219.1
Project("{FAE04EC0-301F-11D3-BF4B-00C04F79EFBC}") = "JasonMediaTracker.UWP", "JasonMediaTracker.UWP\JasonMediaTracker.UWP.csproj", "{4078F5E5-12CE-4D34-9ECE-26870E71C9C8}"
EndProject
Project("{FAE04EC0-301F-11D3-BF4B-00C04F79EFBC}") = "JasonMediaTracker.Android", "JasonMediaTracker.Android\JasonMediaTracker.Android.csproj", "{D580B77C-C6D9-4310-9154-E63E377EEC01}"
EndProject
Project("{FAE04EC0-301F-11D3-BF4B-00C04F79EFBC}") = "JasonMediaTracker.iOS", "JasonMediaTracker.iOS\JasonMediaTracker.iOS.csproj", "{76316359-1B7E-405F-9958-D39BF5A36D8E}"
EndProject
Project("{FAE04EC0-301F-11D3-BF4B-00C04F79EFBC}") = "JasonMediaTracker", "JasonMediaTracker\JasonMediaTracker.csproj", "{F0BC23FA-8C72-496D-8DFD-DD42E4F56DD5}"
EndProject
Global
	GlobalSection(SolutionConfigurationPlatforms) = preSolution
		Debug|Any CPU = Debug|Any CPU
		Debug|ARM = Debug|ARM
		Debug|iPhone = Debug|iPhone
		Debug|iPhoneSimulator = Debug|iPhoneSimulator
		Debug|x64 = Debug|x64
		Debug|x86 = Debug|x86
		Release|Any CPU = Release|Any CPU
		Release|ARM = Release|ARM
		Release|iPhone = Release|iPhone
		Release|iPhoneSimulator = Release|iPhoneSimulator
		Release|x64 = Release|x64
		Release|x86 = Release|x86
	EndGlobalSection
	GlobalSection(ProjectConfigurationPlatforms) = postSolution
		{4078F5E5-12CE-4D34-9ECE-26870E71C9C8}.Debug|Any CPU.ActiveCfg = Debug|x64
		{4078F5E5-12CE-4D34-9ECE-26870E71C9C8}.Debug|Any CPU.Build.0 = Debug|x64
		{4078F5E5-12CE-4D34-9ECE-26870E71C9C8}.Debug|Any CPU.Deploy.0 = Debug|x64
		{4078F5E5-12CE-4D34-9ECE-26870E71C9C8}.Debug|ARM.ActiveCfg = Debug|ARM
		{4078F5E5-12CE-4D34-9ECE-26870E71C9C8}.Debug|ARM.Build.0 = Debug|ARM
		{4078F5E5-12CE-4D34-9ECE-26870E71C9C8}.Debug|ARM.Deploy.0 = Debug|ARM
		{4078F5E5-12CE-4D34-9ECE-26870E71C9C8}.Debug|iPhone.ActiveCfg = Debug|x64
		{4078F5E5-12CE-4D34-9ECE-26870E71C9C8}.Debug|iPhone.Build.0 = Debug|x64
		{4078F5E5-12CE-4D34-9ECE-26870E71C9C8}.Debug|iPhone.Deploy.0 = Debug|x64
		{4078F5E5-12CE-4D34-9ECE-26870E71C9C8}.Debug|iPhoneSimulator.ActiveCfg = Debug|x64
		{4078F5E5-12CE-4D34-9ECE-26870E71C9C8}.Debug|iPhoneSimulator.Build.0 = Debug|x64
		{4078F5E5-12CE-4D34-9ECE-26870E71C9C8}.Debug|iPhoneSimulator.Deploy.0 = Debug|x64
		{4078F5E5-12CE-4D34-9ECE-26870E71C9C8}.Debug|x64.ActiveCfg = Debug|x64
		{4078F5E5-12CE-4D34-9ECE-26870E71C9C8}.Debug|x64.Build.0 = Debug|x64
		{4078F5E5-12CE-4D34-9ECE-26870E71C9C8}.Debug|x64.Deploy.0 = Debug|x64
		{4078F5E5-12CE-4D34-9ECE-26870E71C9C8}.Debug|x86.ActiveCfg = Debug|x86
		{4078F5E5-12CE-4D34-9ECE-26870E71C9C8}.Debug|x86.Build.0 = Debug|x86
		{4078F5E5-12CE-4D34-9ECE-26870E71C9C8}.Debug|x86.Deploy.0 = Debug|x86
		{4078F5E5-12CE-4D34-9ECE-26870E71C9C8}.Release|Any CPU.ActiveCfg = Release|x64
		{4078F5E5-12CE-4D34-9ECE-26870E71C9C8}.Release|Any CPU.Build.0 = Release|x64
		{4078F5E5-12CE-4D34-9ECE-26870E71C9C8}.Release|Any CPU.Deploy.0 = Release|x64
		{4078F5E5-12CE-4D34-9ECE-26870E71C9C8}.Release|ARM.ActiveCfg = Release|ARM
		{4078F5E5-12CE-4D34-9ECE-26870E71C9C8}.Release|ARM.Build.0 = Release|ARM
		{4078F5E5-12CE-4D34-9ECE-26870E71C9C8}.Release|ARM.Deploy.0 = Release|ARM
		{4078F5E5-12CE-4D34-9ECE-26870E71C9C8}.Release|iPhone.ActiveCfg = Release|x64
		{4078F5E5-12CE-4D34-9ECE-26870E71C9C8}.Release|iPhone.Build.0 = Release|x64
		{4078F5E5-12CE-4D34-9ECE-26870E71C9C8}.Release|iPhone.Deploy.0 = Release|x64
		{4078F5E5-12CE-4D34-9ECE-26870E71C9C8}.Release|iPhoneSimulator.ActiveCfg = Release|x64
		{4078F5E5-12CE-4D34-9ECE-26870E71C9C8}.Release|iPhoneSimulator.Build.0 = Release|x64
		{4078F5E5-12CE-4D34-9ECE-26870E71C9C8}.Release|iPhoneSimulator.Deploy.0 = Release|x64
		{4078F5E5-12CE-4D34-9ECE-26870E71C9C8}.Release|x64.ActiveCfg = Release|x64
		{4078F5E5-12CE-4D34-9ECE-26870E71C9C8}.Release|x64.Build.0 = Release|x64
		{4078F5E5-12CE-4D34-9ECE-26870E71C9C8}.Release|x64.Deploy.0 = Release|x64
		{4078F5E5-12CE-4D34-9ECE-26870E71C9C8}.Release|x86.ActiveCfg = Release|x86
		{4078F5E5-12CE-4D34-9ECE-26870E71C9C8}.Release|x86.Build.0 = Release|x86
		{4078F5E5-12CE-4D34-9ECE-26870E71C9C8}.Release|x86.Deploy.0 = Release|x86
		{D580B77C-C6D9-4310-9154-E63E377EEC01}.Debug|Any CPU.ActiveCfg = Debug|Any CPU
		{D580B77C-C6D9-4310-9154-E63E377EEC01}.Debug|Any CPU.Build.0 = Debug|Any CPU
		{D580B77C-C6D9-4310-9154-E63E377EEC01}.Debug|Any CPU.Deploy.0 = Debug|Any CPU
		{D580B77C-C6D9-4310-9154-E63E377EEC01}.Debug|ARM.ActiveCfg = Debug|Any CPU
		{D580B77C-C6D9-4310-9154-E63E377EEC01}.Debug|ARM.Build.0 = Debug|Any CPU
		{D580B77C-C6D9-4310-9154-E63E377EEC01}.Debug|ARM.Deploy.0 = Debug|Any CPU
		{D580B77C-C6D9-4310-9154-E63E377EEC01}.Debug|iPhone.ActiveCfg = Debug|Any CPU
		{D580B77C-C6D9-4310-9154-E63E377EEC01}.Debug|iPhone.Build.0 = Debug|Any CPU
		{D580B77C-C6D9-4310-9154-E63E377EEC01}.Debug|iPhone.Deploy.0 = Debug|Any CPU
		{D580B77C-C6D9-4310-9154-E63E377EEC01}.Debug|iPhoneSimulator.ActiveCfg = Debug|Any CPU
		{D580B77C-C6D9-4310-9154-E63E377EEC01}.Debug|iPhoneSimulator.Build.0 = Debug|Any CPU
		{D580B77C-C6D9-4310-9154-E63E377EEC01}.Debug|iPhoneSimulator.Deploy.0 = Debug|Any CPU
		{D580B77C-C6D9-4310-9154-E63E377EEC01}.Debug|x64.ActiveCfg = Debug|Any CPU
		{D580B77C-C6D9-4310-9154-E63E377EEC01}.Debug|x64.Build.0 = Debug|Any CPU
		{D580B77C-C6D9-4310-9154-E63E377EEC01}.Debug|x64.Deploy.0 = Debug|Any CPU
		{D580B77C-C6D9-4310-9154-E63E377EEC01}.Debug|x86.ActiveCfg = Debug|Any CPU
		{D580B77C-C6D9-4310-9154-E63E377EEC01}.Debug|x86.Build.0 = Debug|Any CPU
		{D580B77C-C6D9-4310-9154-E63E377EEC01}.Debug|x86.Deploy.0 = Debug|Any CPU
		{D580B77C-C6D9-4310-9154-E63E377EEC01}.Release|Any CPU.ActiveCfg = Release|Any CPU
		{D580B77C-C6D9-4310-9154-E63E377EEC01}.Release|Any CPU.Build.0 = Release|Any CPU
		{D580B77C-C6D9-4310-9154-E63E377EEC01}.Release|Any CPU.Deploy.0 = Release|Any CPU
		{D580B77C-C6D9-4310-9154-E63E377EEC01}.Release|ARM.ActiveCfg = Release|Any CPU
		{D580B77C-C6D9-4310-9154-E63E377EEC01}.Release|ARM.Build.0 = Release|Any CPU
		{D580B77C-C6D9-4310-9154-E63E377EEC01}.Release|ARM.Deploy.0 = Release|Any CPU
		{D580B77C-C6D9-4310-9154-E63E377EEC01}.Release|iPhone.ActiveCfg = Release|Any CPU
		{D580B77C-C6D9-4310-9154-E63E377EEC01}.Release|iPhone.Build.0 = Release|Any CPU
		{D580B77C-C6D9-4310-9154-E63E377EEC01}.Release|iPhone.Deploy.0 = Release|Any CPU
		{D580B77C-C6D9-4310-9154-E63E377EEC01}.Release|iPhoneSimulator.ActiveCfg = Release|Any CPU
		{D580B77C-C6D9-4310-9154-E63E377EEC01}.Release|iPhoneSimulator.Build.0 = Release|Any CPU
		{D580B77C-C6D9-4310-9154-E63E377EEC01}.Release|iPhoneSimulator.Deploy.0 = Release|Any CPU
		{D580B77C-C6D9-4310-9154-E63E377EEC01}.Release|x64.ActiveCfg = Release|Any CPU
		{D580B77C-C6D9-4310-9154-E63E377EEC01}.Release|x64.Build.0 = Release|Any CPU
		{D580B77C-C6D9-4310-9154-E63E377EEC01}.Release|x64.Deploy.0 = Release|Any CPU
		{D580B77C-C6D9-4310-9154-E63E377EEC01}.Release|x86.ActiveCfg = Release|Any CPU
		{D580B77C-C6D9-4310-9154-E63E377EEC01}.Release|x86.Build.0 = Release|Any CPU
		{D580B77C-C6D9-4310-9154-E63E377EEC01}.Release|x86.Deploy.0 = Release|Any CPU
		{76316359-1B7E-405F-9958-D39BF5A36D8E}.Debug|Any CPU.ActiveCfg = Debug|iPhoneSimulator
		{76316359-1B7E-405F-9958-D39BF5A36D8E}.Debug|Any CPU.Build.0 = Debug|iPhoneSimulator
		{76316359-1B7E-405F-9958-D39BF5A36D8E}.Debug|Any CPU.Deploy.0 = Debug|iPhoneSimulator
		{76316359-1B7E-405F-9958-D39BF5A36D8E}.Debug|ARM.ActiveCfg = Debug|iPhoneSimulator
		{76316359-1B7E-405F-9958-D39BF5A36D8E}.Debug|ARM.Build.0 = Debug|iPhoneSimulator
		{76316359-1B7E-405F-9958-D39BF5A36D8E}.Debug|ARM.Deploy.0 = Debug|iPhoneSimulator
		{76316359-1B7E-405F-9958-D39BF5A36D8E}.Debug|iPhone.ActiveCfg = Debug|iPhone
		{76316359-1B7E-405F-9958-D39BF5A36D8E}.Debug|iPhone.Build.0 = Debug|iPhone
		{76316359-1B7E-405F-9958-D39BF5A36D8E}.Debug|iPhone.Deploy.0 = Debug|iPhone
		{76316359-1B7E-405F-9958-D39BF5A36D8E}.Debug|iPhoneSimulator.ActiveCfg = Debug|iPhoneSimulator
		{76316359-1B7E-405F-9958-D39BF5A36D8E}.Debug|iPhoneSimulator.Build.0 = Debug|iPhoneSimulator
		{76316359-1B7E-405F-9958-D39BF5A36D8E}.Debug|iPhoneSimulator.Deploy.0 = Debug|iPhoneSimulator
		{76316359-1B7E-405F-9958-D39BF5A36D8E}.Debug|x64.ActiveCfg = Debug|iPhone
		{76316359-1B7E-405F-9958-D39BF5A36D8E}.Debug|x64.Build.0 = Debug|iPhone
		{76316359-1B7E-405F-9958-D39BF5A36D8E}.Debug|x64.Deploy.0 = Debug|iPhone
		{76316359-1B7E-405F-9958-D39BF5A36D8E}.Debug|x86.ActiveCfg = Debug|iPhoneSimulator
		{76316359-1B7E-405F-9958-D39BF5A36D8E}.Debug|x86.Build.0 = Debug|iPhoneSimulator
		{76316359-1B7E-405F-9958-D39BF5A36D8E}.Debug|x86.Deploy.0 = Debug|iPhoneSimulator
		{76316359-1B7E-405F-9958-D39BF5A36D8E}.Release|Any CPU.ActiveCfg = Release|iPhoneSimulator
		{76316359-1B7E-405F-9958-D39BF5A36D8E}.Release|Any CPU.Build.0 = Release|iPhoneSimulator
		{76316359-1B7E-405F-9958-D39BF5A36D8E}.Release|Any CPU.Deploy.0 = Release|iPhoneSimulator
		{76316359-1B7E-405F-9958-D39BF5A36D8E}.Release|ARM.ActiveCfg = Release|iPhoneSimulator
		{76316359-1B7E-405F-9958-D39BF5A36D8E}.Release|ARM.Build.0 = Release|iPhoneSimulator
		{76316359-1B7E-405F-9958-D39BF5A36D8E}.Release|ARM.Deploy.0 = Release|iPhoneSimulator
		{76316359-1B7E-405F-9958-D39BF5A36D8E}.Release|iPhone.ActiveCfg = Release|iPhone
		{76316359-1B7E-405F-9958-D39BF5A36D8E}.Release|iPhone.Build.0 = Release|iPhone
		{76316359-1B7E-405F-9958-D39BF5A36D8E}.Release|iPhone.Deploy.0 = Release|iPhone
		{76316359-1B7E-405F-9958-D39BF5A36D8E}.Release|iPhoneSimulator.ActiveCfg = Release|iPhoneSimulator
		{76316359-1B7E-405F-9958-D39BF5A36D8E}.Release|iPhoneSimulator.Build.0 = Release|iPhoneSimulator
		{76316359-1B7E-405F-9958-D39BF5A36D8E}.Release|iPhoneSimulator.Deploy.0 = Release|iPhoneSimulator
		{76316359-1B7E-405F-9958-D39BF5A36D8E}.Release|x64.ActiveCfg = Release|iPhoneSimulator
		{76316359-1B7E-405F-9958-D39BF5A36D8E}.Release|x64.Build.0 = Release|iPhoneSimulator
		{76316359-1B7E-405F-9958-D39BF5A36D8E}.Release|x64.Deploy.0 = Release|iPhoneSimulator
		{76316359-1B7E-405F-9958-D39BF5A36D8E}.Release|x86.ActiveCfg = Release|iPhoneSimulator
		{76316359-1B7E-405F-9958-D39BF5A36D8E}.Release|x86.Build.0 = Release|iPhoneSimulator
		{76316359-1B7E-405F-9958-D39BF5A36D8E}.Release|x86.Deploy.0 = Release|iPhoneSimulator
		{F0BC23FA-8C72-496D-8DFD-DD42E4F56DD5}.Debug|Any CPU.ActiveCfg = Debug|Any CPU
		{F0BC23FA-8C72-496D-8DFD-DD42E4F56DD5}.Debug|Any CPU.Build.0 = Debug|Any CPU
		{F0BC23FA-8C72-496D-8DFD-DD42E4F56DD5}.Debug|Any CPU.Deploy.0 = Debug|Any CPU
		{F0BC23FA-8C72-496D-8DFD-DD42E4F56DD5}.Debug|ARM.ActiveCfg = Debug|Any CPU
		{F0BC23FA-8C72-496D-8DFD-DD42E4F56DD5}.Debug|ARM.Build.0 = Debug|Any CPU
		{F0BC23FA-8C72-496D-8DFD-DD42E4F56DD5}.Debug|ARM.Deploy.0 = Debug|Any CPU
		{F0BC23FA-8C72-496D-8DFD-DD42E4F56DD5}.Debug|iPhone.ActiveCfg = Debug|Any CPU
		{F0BC23FA-8C72-496D-8DFD-DD42E4F56DD5}.Debug|iPhone.Build.0 = Debug|Any CPU
		{F0BC23FA-8C72-496D-8DFD-DD42E4F56DD5}.Debug|iPhone.Deploy.0 = Debug|Any CPU
		{F0BC23FA-8C72-496D-8DFD-DD42E4F56DD5}.Debug|iPhoneSimulator.ActiveCfg = Debug|Any CPU
		{F0BC23FA-8C72-496D-8DFD-DD42E4F56DD5}.Debug|iPhoneSimulator.Build.0 = Debug|Any CPU
		{F0BC23FA-8C72-496D-8DFD-DD42E4F56DD5}.Debug|iPhoneSimulator.Deploy.0 = Debug|Any CPU
		{F0BC23FA-8C72-496D-8DFD-DD42E4F56DD5}.Debug|x64.ActiveCfg = Debug|Any CPU
		{F0BC23FA-8C72-496D-8DFD-DD42E4F56DD5}.Debug|x64.Build.0 = Debug|Any CPU
		{F0BC23FA-8C72-496D-8DFD-DD42E4F56DD5}.Debug|x64.Deploy.0 = Debug|Any CPU
		{F0BC23FA-8C72-496D-8DFD-DD42E4F56DD5}.Debug|x86.ActiveCfg = Debug|Any CPU
		{F0BC23FA-8C72-496D-8DFD-DD42E4F56DD5}.Debug|x86.Build.0 = Debug|Any CPU
		{F0BC23FA-8C72-496D-8DFD-DD42E4F56DD5}.Debug|x86.Deploy.0 = Debug|Any CPU
		{F0BC23FA-8C72-496D-8DFD-DD42E4F56DD5}.Release|Any CPU.ActiveCfg = Release|Any CPU
		{F0BC23FA-8C72-496D-8DFD-DD42E4F56DD5}.Release|Any CPU.Build.0 = Release|Any CPU
		{F0BC23FA-8C72-496D-8DFD-DD42E4F56DD5}.Release|Any CPU.Deploy.0 = Release|Any CPU
		{F0BC23FA-8C72-496D-8DFD-DD42E4F56DD5}.Release|ARM.ActiveCfg = Release|Any CPU
		{F0BC23FA-8C72-496D-8DFD-DD42E4F56DD5}.Release|ARM.Build.0 = Release|Any CPU
		{F0BC23FA-8C72-496D-8DFD-DD42E4F56DD5}.Release|ARM.Deploy.0 = Release|Any CPU
		{F0BC23FA-8C72-496D-8DFD-DD42E4F56DD5}.Release|iPhone.ActiveCfg = Release|Any CPU
		{F0BC23FA-8C72-496D-8DFD-DD42E4F56DD5}.Release|iPhone.Build.0 = Release|Any CPU
		{F0BC23FA-8C72-496D-8DFD-DD42E4F56DD5}.Release|iPhone.Deploy.0 = Release|Any CPU
		{F0BC23FA-8C72-496D-8DFD-DD42E4F56DD5}.Release|iPhoneSimulator.ActiveCfg = Release|Any CPU
		{F0BC23FA-8C72-496D-8DFD-DD42E4F56DD5}.Release|iPhoneSimulator.Build.0 = Release|Any CPU
		{F0BC23FA-8C72-496D-8DFD-DD42E4F56DD5}.Release|iPhoneSimulator.Deploy.0 = Release|Any CPU
		{F0BC23FA-8C72-496D-8DFD-DD42E4F56DD5}.Release|x64.ActiveCfg = Release|Any CPU
		{F0BC23FA-8C72-496D-8DFD-DD42E4F56DD5}.Release|x64.Build.0 = Release|Any CPU
		{F0BC23FA-8C72-496D-8DFD-DD42E4F56DD5}.Release|x64.Deploy.0 = Release|Any CPU
		{F0BC23FA-8C72-496D-8DFD-DD42E4F56DD5}.Release|x86.ActiveCfg = Release|Any CPU
		{F0BC23FA-8C72-496D-8DFD-DD42E4F56DD5}.Release|x86.Build.0 = Release|Any CPU
		{F0BC23FA-8C72-496D-8DFD-DD42E4F56DD5}.Release|x86.Deploy.0 = Release|Any CPU
	EndGlobalSection
	GlobalSection(SolutionProperties) = preSolution
		HideSolutionNode = FALSE
	EndGlobalSection
	GlobalSection(ExtensibilityGlobals) = postSolution
		SolutionGuid = {78DA054A-FAC8-441F-8F54-E8B45B90EED8}
	EndGlobalSection
EndGlobal
